// !$*UTF8*$!
{
	archiveVersion = 1;
	classes = {
	};
	objectVersion = 46;
	objects = {

/* Begin PBXBuildFile section */
		3C05DBCD1A8CD96500613D2B /* AppDelegate.swift in Sources */ = {isa = PBXBuildFile; fileRef = 3C05DBCC1A8CD96500613D2B /* AppDelegate.swift */; };
		3C05DBCF1A8CD96500613D2B /* ViewController.swift in Sources */ = {isa = PBXBuildFile; fileRef = 3C05DBCE1A8CD96500613D2B /* ViewController.swift */; };
		3C05DBD21A8CD96500613D2B /* Main.storyboard in Resources */ = {isa = PBXBuildFile; fileRef = 3C05DBD01A8CD96500613D2B /* Main.storyboard */; };
		3C05DBD41A8CD96500613D2B /* Images.xcassets in Resources */ = {isa = PBXBuildFile; fileRef = 3C05DBD31A8CD96500613D2B /* Images.xcassets */; };
		3C05DBD71A8CD96500613D2B /* LaunchScreen.xib in Resources */ = {isa = PBXBuildFile; fileRef = 3C05DBD51A8CD96500613D2B /* LaunchScreen.xib */; };
		3C05DBE31A8CD96500613D2B /* HelloWyncodeTests.swift in Sources */ = {isa = PBXBuildFile; fileRef = 3C05DBE21A8CD96500613D2B /* HelloWyncodeTests.swift */; };
/* End PBXBuildFile section */

/* Begin PBXContainerItemProxy section */
		3C05DBDD1A8CD96500613D2B /* PBXContainerItemProxy */ = {
			isa = PBXContainerItemProxy;
			containerPortal = 3C05DBBF1A8CD96400613D2B /* Project object */;
			proxyType = 1;
			remoteGlobalIDString = 3C05DBC61A8CD96500613D2B;
			remoteInfo = HelloWyncode;
		};
/* End PBXContainerItemProxy section */

/* Begin PBXFileReference section */
		3C05DBC71A8CD96500613D2B /* HelloWyncode.app */ = {isa = PBXFileReference; explicitFileType = wrapper.application; includeInIndex = 0; path = HelloWyncode.app; sourceTree = BUILT_PRODUCTS_DIR; };
		3C05DBCB1A8CD96500613D2B /* Info.plist */ = {isa = PBXFileReference; lastKnownFileType = text.plist.xml; path = Info.plist; sourceTree = "<group>"; };
		3C05DBCC1A8CD96500613D2B /* AppDelegate.swift */ = {isa = PBXFileReference; lastKnownFileType = sourcecode.swift; path = AppDelegate.swift; sourceTree = "<group>"; };
		3C05DBCE1A8CD96500613D2B /* ViewController.swift */ = {isa = PBXFileReference; lastKnownFileType = sourcecode.swift; path = ViewController.swift; sourceTree = "<group>"; };
		3C05DBD11A8CD96500613D2B /* Base */ = {isa = PBXFileReference; lastKnownFileType = file.storyboard; name = Base; path = Base.lproj/Main.storyboard; sourceTree = "<group>"; };
		3C05DBD31A8CD96500613D2B /* Images.xcassets */ = {isa = PBXFileReference; lastKnownFileType = folder.assetcatalog; path = Images.xcassets; sourceTree = "<group>"; };
		3C05DBD61A8CD96500613D2B /* Base */ = {isa = PBXFileReference; lastKnownFileType = file.xib; name = Base; path = Base.lproj/LaunchScreen.xib; sourceTree = "<group>"; };
		3C05DBDC1A8CD96500613D2B /* HelloWyncodeTests.xctest */ = {isa = PBXFileReference; explicitFileType = wrapper.cfbundle; includeInIndex = 0; path = HelloWyncodeTests.xctest; sourceTree = BUILT_PRODUCTS_DIR; };
		3C05DBE11A8CD96500613D2B /* Info.plist */ = {isa = PBXFileReference; lastKnownFileType = text.plist.xml; path = Info.plist; sourceTree = "<group>"; };
		3C05DBE21A8CD96500613D2B /* HelloWyncodeTests.swift */ = {isa = PBXFileReference; lastKnownFileType = sourcecode.swift; path = HelloWyncodeTests.swift; sourceTree = "<group>"; };
/* End PBXFileReference section */

/* Begin PBXFrameworksBuildPhase section */
		3C05DBC41A8CD96500613D2B /* Frameworks */ = {
			isa = PBXFrameworksBuildPhase;
			buildActionMask = 2147483647;
			files = (
			);
			runOnlyForDeploymentPostprocessing = 0;
		};
		3C05DBD91A8CD96500613D2B /* Frameworks */ = {
			isa = PBXFrameworksBuildPhase;
			buildActionMask = 2147483647;
			files = (
			);
			runOnlyForDeploymentPostprocessing = 0;
		};
/* End PBXFrameworksBuildPhase section */

/* Begin PBXGroup section */
		3C05DBBE1A8CD96400613D2B = {
			isa = PBXGroup;
			children = (
				3C05DBC91A8CD96500613D2B /* HelloWyncode */,
				3C05DBDF1A8CD96500613D2B /* HelloWyncodeTests */,
				3C05DBC81A8CD96500613D2B /* Products */,
			);
			sourceTree = "<group>";
		};
		3C05DBC81A8CD96500613D2B /* Products */ = {
			isa = PBXGroup;
			children = (
				3C05DBC71A8CD96500613D2B /* HelloWyncode.app */,
				3C05DBDC1A8CD96500613D2B /* HelloWyncodeTests.xctest */,
			);
			name = Products;
			sourceTree = "<group>";
		};
		3C05DBC91A8CD96500613D2B /* HelloWyncode */ = {
			isa = PBXGroup;
			children = (
				3C05DBCC1A8CD96500613D2B /* AppDelegate.swift */,
				3C05DBCE1A8CD96500613D2B /* ViewController.swift */,
				3C05DBD01A8CD96500613D2B /* Main.storyboard */,
				3C05DBD31A8CD96500613D2B /* Images.xcassets */,
				3C05DBD51A8CD96500613D2B /* LaunchScreen.xib */,
				3C05DBCA1A8CD96500613D2B /* Supporting Files */,
			);
			path = HelloWyncode;
			sourceTree = "<group>";
		};
		3C05DBCA1A8CD96500613D2B /* Supporting Files */ = {
			isa = PBXGroup;
			children = (
				3C05DBCB1A8CD96500613D2B /* Info.plist */,
			);
			name = "Supporting Files";
			sourceTree = "<group>";
		};
		3C05DBDF1A8CD96500613D2B /* HelloWyncodeTests */ = {
			isa = PBXGroup;
			children = (
				3C05DBE21A8CD96500613D2B /* HelloWyncodeTests.swift */,
				3C05DBE01A8CD96500613D2B /* Supporting Files */,
			);
			path = HelloWyncodeTests;
			sourceTree = "<group>";
		};
		3C05DBE01A8CD96500613D2B /* Supporting Files */ = {
			isa = PBXGroup;
			children = (
				3C05DBE11A8CD96500613D2B /* Info.plist */,
			);
			name = "Supporting Files";
			sourceTree = "<group>";
		};
/* End PBXGroup section */

/* Begin PBXNativeTarget section */
		3C05DBC61A8CD96500613D2B /* HelloWyncode */ = {
			isa = PBXNativeTarget;
			buildConfigurationList = 3C05DBE61A8CD96500613D2B /* Build configuration list for PBXNativeTarget "HelloWyncode" */;
			buildPhases = (
				3C05DBC31A8CD96500613D2B /* Sources */,
				3C05DBC41A8CD96500613D2B /* Frameworks */,
				3C05DBC51A8CD96500613D2B /* Resources */,
			);
			buildRules = (
			);
			dependencies = (
			);
			name = HelloWyncode;
			productName = HelloWyncode;
			productReference = 3C05DBC71A8CD96500613D2B /* HelloWyncode.app */;
			productType = "com.apple.product-type.application";
		};
		3C05DBDB1A8CD96500613D2B /* HelloWyncodeTests */ = {
			isa = PBXNativeTarget;
			buildConfigurationList = 3C05DBE91A8CD96500613D2B /* Build configuration list for PBXNativeTarget "HelloWyncodeTests" */;
			buildPhases = (
				3C05DBD81A8CD96500613D2B /* Sources */,
				3C05DBD91A8CD96500613D2B /* Frameworks */,
				3C05DBDA1A8CD96500613D2B /* Resources */,
			);
			buildRules = (
			);
			dependencies = (
				3C05DBDE1A8CD96500613D2B /* PBXTargetDependency */,
			);
			name = HelloWyncodeTests;
			productName = HelloWyncodeTests;
			productReference = 3C05DBDC1A8CD96500613D2B /* HelloWyncodeTests.xctest */;
			productType = "com.apple.product-type.bundle.unit-test";
		};
/* End PBXNativeTarget section */

/* Begin PBXProject section */
		3C05DBBF1A8CD96400613D2B /* Project object */ = {
			isa = PBXProject;
			attributes = {
				LastUpgradeCheck = 0610;
				ORGANIZATIONNAME = "Caleb Schappa";
				TargetAttributes = {
					3C05DBC61A8CD96500613D2B = {
						CreatedOnToolsVersion = 6.1.1;
					};
					3C05DBDB1A8CD96500613D2B = {
						CreatedOnToolsVersion = 6.1.1;
						TestTargetID = 3C05DBC61A8CD96500613D2B;
					};
				};
			};
			buildConfigurationList = 3C05DBC21A8CD96400613D2B /* Build configuration list for PBXProject "HelloWyncode" */;
			compatibilityVersion = "Xcode 3.2";
			developmentRegion = English;
			hasScannedForEncodings = 0;
			knownRegions = (
				en,
				Base,
			);
			mainGroup = 3C05DBBE1A8CD96400613D2B;
			productRefGroup = 3C05DBC81A8CD96500613D2B /* Products */;
			projectDirPath = "";
			projectRoot = "";
			targets = (
				3C05DBC61A8CD96500613D2B /* HelloWyncode */,
				3C05DBDB1A8CD96500613D2B /* HelloWyncodeTests */,
			);
		};
/* End PBXProject section */

/* Begin PBXResourcesBuildPhase section */
		3C05DBC51A8CD96500613D2B /* Resources */ = {
			isa = PBXResourcesBuildPhase;
			buildActionMask = 2147483647;
			files = (
				3C05DBD21A8CD96500613D2B /* Main.storyboard in Resources */,
				3C05DBD71A8CD96500613D2B /* LaunchScreen.xib in Resources */,
				3C05DBD41A8CD96500613D2B /* Images.xcassets in Resources */,
			);
			runOnlyForDeploymentPostprocessing = 0;
		};
		3C05DBDA1A8CD96500613D2B /* Resources */ = {
			isa = PBXResourcesBuildPhase;
			buildActionMask = 2147483647;
			files = (
			);
			runOnlyForDeploymentPostprocessing = 0;
		};
/* End PBXResourcesBuildPhase section */

/* Begin PBXSourcesBuildPhase section */
		3C05DBC31A8CD96500613D2B /* Sources */ = {
			isa = PBXSourcesBuildPhase;
			buildActionMask = 2147483647;
			files = (
				3C05DBCF1A8CD96500613D2B /* ViewController.swift in Sources */,
				3C05DBCD1A8CD96500613D2B /* AppDelegate.swift in Sources */,
			);
			runOnlyForDeploymentPostprocessing = 0;
		};
		3C05DBD81A8CD96500613D2B /* Sources */ = {
			isa = PBXSourcesBuildPhase;
			buildActionMask = 2147483647;
			files = (
				3C05DBE31A8CD96500613D2B /* HelloWyncodeTests.swift in Sources */,
			);
			runOnlyForDeploymentPostprocessing = 0;
		};
/* End PBXSourcesBuildPhase section */

/* Begin PBXTargetDependency section */
		3C05DBDE1A8CD96500613D2B /* PBXTargetDependency */ = {
			isa = PBXTargetDependency;
			target = 3C05DBC61A8CD96500613D2B /* HelloWyncode */;
			targetProxy = 3C05DBDD1A8CD96500613D2B /* PBXContainerItemProxy */;
		};
/* End PBXTargetDependency section */

/* Begin PBXVariantGroup section */
		3C05DBD01A8CD96500613D2B /* Main.storyboard */ = {
			isa = PBXVariantGroup;
			children = (
				3C05DBD11A8CD96500613D2B /* Base */,
			);
			name = Main.storyboard;
			sourceTree = "<group>";
		};
		3C05DBD51A8CD96500613D2B /* LaunchScreen.xib */ = {
			isa = PBXVariantGroup;
			children = (
				3C05DBD61A8CD96500613D2B /* Base */,
			);
			name = LaunchScreen.xib;
			sourceTree = "<group>";
		};
/* End PBXVariantGroup section */

/* Begin XCBuildConfiguration section */
		3C05DBE41A8CD96500613D2B /* Debug */ = {
			isa = XCBuildConfiguration;
			buildSettings = {
				ALWAYS_SEARCH_USER_PATHS = NO;
				CLANG_CXX_LANGUAGE_STANDARD = "gnu++0x";
				CLANG_CXX_LIBRARY = "libc++";
				CLANG_ENABLE_MODULES = YES;
				CLANG_ENABLE_OBJC_ARC = YES;
				CLANG_WARN_BOOL_CONVERSION = YES;
				CLANG_WARN_CONSTANT_CONVERSION = YES;
				CLANG_WARN_DIRECT_OBJC_ISA_USAGE = YES_ERROR;
				CLANG_WARN_EMPTY_BODY = YES;
				CLANG_WARN_ENUM_CONVERSION = YES;
				CLANG_WARN_INT_CONVERSION = YES;
				CLANG_WARN_OBJC_ROOT_CLASS = YES_ERROR;
				CLANG_WARN_UNREACHABLE_CODE = YES;
				CLANG_WARN__DUPLICATE_METHOD_MATCH = YES;
				"CODE_SIGN_IDENTITY[sdk=iphoneos*]" = "iPhone Developer";
				COPY_PHASE_STRIP = NO;
				ENABLE_STRICT_OBJC_MSGSEND = YES;
				GCC_C_LANGUAGE_STANDARD = gnu99;
				GCC_DYNAMIC_NO_PIC = NO;
				GCC_OPTIMIZATION_LEVEL = 0;
				GCC_PREPROCESSOR_DEFINITIONS = (
					"DEBUG=1",
					"$(inherited)",
				);
				GCC_SYMBOLS_PRIVATE_EXTERN = NO;
				GCC_WARN_64_TO_32_BIT_CONVERSION = YES;
				GCC_WARN_ABOUT_RETURN_TYPE = YES_ERROR;
				GCC_WARN_UNDECLARED_SELECTOR = YES;
				GCC_WARN_UNINITIALIZED_AUTOS = YES_AGGRESSIVE;
				GCC_WARN_UNUSED_FUNCTION = YES;
				GCC_WARN_UNUSED_VARIABLE = YES;
				IPHONEOS_DEPLOYMENT_TARGET = 8.1;
				MTL_ENABLE_DEBUG_INFO = YES;
				ONLY_ACTIVE_ARCH = YES;
				SDKROOT = iphoneos;
				SWIFT_OPTIMIZATION_LEVEL = "-Onone";
			};
			name = Debug;
		};
		3C05DBE51A8CD96500613D2B /* Release */ = {
			isa = XCBuildConfiguration;
			buildSettings = {
				ALWAYS_SEARCH_USER_PATHS = NO;
				CLANG_CXX_LANGUAGE_STANDARD = "gnu++0x";
				CLANG_CXX_LIBRARY = "libc++";
				CLANG_ENABLE_MODULES = YES;
				CLANG_ENABLE_OBJC_ARC = YES;
				CLANG_WARN_BOOL_CONVERSION = YES;
				CLANG_WARN_CONSTANT_CONVERSION = YES;
				CLANG_WARN_DIRECT_OBJC_ISA_USAGE = YES_ERROR;
				CLANG_WARN_EMPTY_BODY = YES;
				CLANG_WARN_ENUM_CONVERSION = YES;
				CLANG_WARN_INT_CONVERSION = YES;
				CLANG_WARN_OBJC_ROOT_CLASS = YES_ERROR;
				CLANG_WARN_UNREACHABLE_CODE = YES;
				CLANG_WARN__DUPLICATE_METHOD_MATCH = YES;
				"CODE_SIGN_IDENTITY[sdk=iphoneos*]" = "iPhone Developer";
				COPY_PHASE_STRIP = YES;
				ENABLE_NS_ASSERTIONS = NO;
				ENABLE_STRICT_OBJC_MSGSEND = YES;
				GCC_C_LANGUAGE_STANDARD = gnu99;
				GCC_WARN_64_TO_32_BIT_CONVERSION = YES;
				GCC_WARN_ABOUT_RETURN_TYPE = YES_ERROR;
				GCC_WARN_UNDECLARED_SELECTOR = YES;
				GCC_WARN_UNINITIALIZED_AUTOS = YES_AGGRESSIVE;
				GCC_WARN_UNUSED_FUNCTION = YES;
				GCC_WARN_UNUSED_VARIABLE = YES;
				IPHONEOS_DEPLOYMENT_TARGET = 8.1;
				MTL_ENABLE_DEBUG_INFO = NO;
				SDKROOT = iphoneos;
				VALIDATE_PRODUCT = YES;
			};
			name = Release;
		};
		3C05DBE71A8CD96500613D2B /* Debug */ = {
			isa = XCBuildConfiguration;
			buildSettings = {
				ASSETCATALOG_COMPILER_APPICON_NAME = AppIcon;
				INFOPLIST_FILE = HelloWyncode/Info.plist;
				LD_RUNPATH_SEARCH_PATHS = "$(inherited) @executable_path/Frameworks";
				PRODUCT_NAME = "$(TARGET_NAME)";
			};
			name = Debug;
		};
		3C05DBE81A8CD96500613D2B /* Release */ = {
			isa = XCBuildConfiguration;
			buildSettings = {
				ASSETCATALOG_COMPILER_APPICON_NAME = AppIcon;
				INFOPLIST_FILE = HelloWyncode/Info.plist;
				LD_RUNPATH_SEARCH_PATHS = "$(inherited) @executable_path/Frameworks";
				PRODUCT_NAME = "$(TARGET_NAME)";
			};
			name = Release;
		};
		3C05DBEA1A8CD96500613D2B /* Debug */ = {
			isa = XCBuildConfiguration;
			buildSettings = {
				BUNDLE_LOADER = "$(TEST_HOST)";
				FRAMEWORK_SEARCH_PATHS = (
					"$(SDKROOT)/Developer/Library/Frameworks",
					"$(inherited)",
				);
				GCC_PREPROCESSOR_DEFINITIONS = (
					"DEBUG=1",
					"$(inherited)",
				);
				INFOPLIST_FILE = HelloWyncodeTests/Info.plist;
				LD_RUNPATH_SEARCH_PATHS = "$(inherited) @executable_path/Frameworks @loader_path/Frameworks";
				PRODUCT_NAME = "$(TARGET_NAME)";
				TEST_HOST = "$(BUILT_PRODUCTS_DIR)/HelloWyncode.app/HelloWyncode";
			};
			name = Debug;
		};
		3C05DBEB1A8CD96500613D2B /* Release */ = {
			isa = XCBuildConfiguration;
			buildSettings = {
				BUNDLE_LOADER = "$(TEST_HOST)";
				FRAMEWORK_SEARCH_PATHS = (
					"$(SDKROOT)/Developer/Library/Frameworks",
					"$(inherited)",
				);
				INFOPLIST_FILE = HelloWyncodeTests/Info.plist;
				LD_RUNPATH_SEARCH_PATHS = "$(inherited) @executable_path/Frameworks @loader_path/Frameworks";
				PRODUCT_NAME = "$(TARGET_NAME)";
				TEST_HOST = "$(BUILT_PRODUCTS_DIR)/HelloWyncode.app/HelloWyncode";
			};
			name = Release;
		};
/* End XCBuildConfiguration section */

/* Begin XCConfigurationList section */
		3C05DBC21A8CD96400613D2B /* Build configuration list for PBXProject "HelloWyncode" */ = {
			isa = XCConfigurationList;
			buildConfigurations = (
				3C05DBE41A8CD96500613D2B /* Debug */,
				3C05DBE51A8CD96500613D2B /* Release */,
			);
			defaultConfigurationIsVisible = 0;
			defaultConfigurationName = Release;
		};
		3C05DBE61A8CD96500613D2B /* Build configuration list for PBXNativeTarget "HelloWyncode" */ = {
			isa = XCConfigurationList;
			buildConfigurations = (
				3C05DBE71A8CD96500613D2B /* Debug */,
				3C05DBE81A8CD96500613D2B /* Release */,
			);
			defaultConfigurationIsVisible = 0;
		};
		3C05DBE91A8CD96500613D2B /* Build configuration list for PBXNativeTarget "HelloWyncodeTests" */ = {
			isa = XCConfigurationList;
			buildConfigurations = (
				3C05DBEA1A8CD96500613D2B /* Debug */,
				3C05DBEB1A8CD96500613D2B /* Release */,
			);
			defaultConfigurationIsVisible = 0;
		};
/* End XCConfigurationList section */
	};
	rootObject = 3C05DBBF1A8CD96400613D2B /* Project object */;
}
